
Microsoft Visual Studio Solution File, Format Version 12.00
# Visual Studio 15
VisualStudioVersion = 15.0.28307.136
MinimumVisualStudioVersion = 10.0.40219.1
Project("{9A19103F-16F7-4668-BE54-9A1E7A4F7556}") = "ArgumentHelper", "ArgumentHelper\ArgumentHelper.csproj", "{8F4094F3-66C3-4E81-BCC8-BF1921AF9532}"
EndProject
Project("{9A19103F-16F7-4668-BE54-9A1E7A4F7556}") = "ArgumentHelper.Tests", "ArgumentHelper.Tests\ArgumentHelper.Tests.csproj", "{80335D7A-6699-4CE2-B321-12502F9DB53B}"
EndProject
Project("{2150E333-8FDC-42A3-9474-1A3956D46DE8}") = "Solution Items", "Solution Items", "{95772026-6D93-4407-9F82-C1C854E63AA1}"
	ProjectSection(SolutionItems) = preProject
		..\.gitignore = ..\.gitignore
		..\Pack NuGet Packages.bat = ..\Pack NuGet Packages.bat
		..\Push NuGet Packages.bat = ..\Push NuGet Packages.bat
		..\README.md = ..\README.md
	EndProjectSection
EndProject
Global
	GlobalSection(SolutionConfigurationPlatforms) = preSolution
		Debug|Any CPU = Debug|Any CPU
		Release|Any CPU = Release|Any CPU
	EndGlobalSection
	GlobalSection(ProjectConfigurationPlatforms) = postSolution
		{8F4094F3-66C3-4E81-BCC8-BF1921AF9532}.Debug|Any CPU.ActiveCfg = Debug|Any CPU
		{8F4094F3-66C3-4E81-BCC8-BF1921AF9532}.Debug|Any CPU.Build.0 = Debug|Any CPU
		{8F4094F3-66C3-4E81-BCC8-BF1921AF9532}.Release|Any CPU.ActiveCfg = Release|Any CPU
		{8F4094F3-66C3-4E81-BCC8-BF1921AF9532}.Release|Any CPU.Build.0 = Release|Any CPU
		{80335D7A-6699-4CE2-B321-12502F9DB53B}.Debug|Any CPU.ActiveCfg = Debug|Any CPU
		{80335D7A-6699-4CE2-B321-12502F9DB53B}.Debug|Any CPU.Build.0 = Debug|Any CPU
		{80335D7A-6699-4CE2-B321-12502F9DB53B}.Release|Any CPU.ActiveCfg = Release|Any CPU
		{80335D7A-6699-4CE2-B321-12502F9DB53B}.Release|Any CPU.Build.0 = Release|Any CPU
	EndGlobalSection
	GlobalSection(SolutionProperties) = preSolution
		HideSolutionNode = FALSE
	EndGlobalSection
	GlobalSection(ExtensibilityGlobals) = postSolution
		SolutionGuid = {49961103-F1A0-4022-AD9B-CE81CDA163C3}
	EndGlobalSection
EndGlobal
